// !$*UTF8*$!
{
	archiveVersion = 1;
	classes = {
	};
	objectVersion = 50;
	objects = {

/* Begin PBXBuildFile section */
		7B267AD121C3277D00BAD374 /* AppDelegate.swift in Sources */ = {isa = PBXBuildFile; fileRef = 7B267AD021C3277D00BAD374 /* AppDelegate.swift */; };
		7B267AD321C3277D00BAD374 /* ViewController.swift in Sources */ = {isa = PBXBuildFile; fileRef = 7B267AD221C3277D00BAD374 /* ViewController.swift */; };
		7B267AD621C3277D00BAD374 /* Main.storyboard in Resources */ = {isa = PBXBuildFile; fileRef = 7B267AD421C3277D00BAD374 /* Main.storyboard */; };
		7B267AD821C3277D00BAD374 /* Assets.xcassets in Resources */ = {isa = PBXBuildFile; fileRef = 7B267AD721C3277D00BAD374 /* Assets.xcassets */; };
		7B267ADB21C3277D00BAD374 /* LaunchScreen.storyboard in Resources */ = {isa = PBXBuildFile; fileRef = 7B267AD921C3277D00BAD374 /* LaunchScreen.storyboard */; };
		7B4EC57321DD8092007A2786 /* CalculatorLogic.swift in Sources */ = {isa = PBXBuildFile; fileRef = 7B4EC57221DD8092007A2786 /* CalculatorLogic.swift */; };
		7BB09C8522AA0C650010D754 /* SciCalcTests.swift in Sources */ = {isa = PBXBuildFile; fileRef = 7BB09C8422AA0C650010D754 /* SciCalcTests.swift */; };
/* End PBXBuildFile section */

/* Begin PBXContainerItemProxy section */
		7BB09C8722AA0C650010D754 /* PBXContainerItemProxy */ = {
			isa = PBXContainerItemProxy;
			containerPortal = 7B267AC521C3277D00BAD374 /* Project object */;
			proxyType = 1;
			remoteGlobalIDString = 7B267ACC21C3277D00BAD374;
			remoteInfo = SciCalc;
		};
/* End PBXContainerItemProxy section */

/* Begin PBXFileReference section */
		7B267ACD21C3277D00BAD374 /* SciCalc.app */ = {isa = PBXFileReference; explicitFileType = wrapper.application; includeInIndex = 0; path = SciCalc.app; sourceTree = BUILT_PRODUCTS_DIR; };
		7B267AD021C3277D00BAD374 /* AppDelegate.swift */ = {isa = PBXFileReference; lastKnownFileType = sourcecode.swift; path = AppDelegate.swift; sourceTree = "<group>"; };
		7B267AD221C3277D00BAD374 /* ViewController.swift */ = {isa = PBXFileReference; lastKnownFileType = sourcecode.swift; path = ViewController.swift; sourceTree = "<group>"; };
		7B267AD521C3277D00BAD374 /* Base */ = {isa = PBXFileReference; lastKnownFileType = file.storyboard; name = Base; path = Base.lproj/Main.storyboard; sourceTree = "<group>"; };
		7B267AD721C3277D00BAD374 /* Assets.xcassets */ = {isa = PBXFileReference; lastKnownFileType = folder.assetcatalog; path = Assets.xcassets; sourceTree = "<group>"; };
		7B267ADA21C3277D00BAD374 /* Base */ = {isa = PBXFileReference; lastKnownFileType = file.storyboard; name = Base; path = Base.lproj/LaunchScreen.storyboard; sourceTree = "<group>"; };
		7B267ADC21C3277D00BAD374 /* Info.plist */ = {isa = PBXFileReference; lastKnownFileType = text.plist.xml; path = Info.plist; sourceTree = "<group>"; };
		7B4EC57221DD8092007A2786 /* CalculatorLogic.swift */ = {isa = PBXFileReference; lastKnownFileType = sourcecode.swift; path = CalculatorLogic.swift; sourceTree = "<group>"; };
		7BB09C8222AA0C640010D754 /* SciCalcTests.xctest */ = {isa = PBXFileReference; explicitFileType = wrapper.cfbundle; includeInIndex = 0; path = SciCalcTests.xctest; sourceTree = BUILT_PRODUCTS_DIR; };
		7BB09C8422AA0C650010D754 /* SciCalcTests.swift */ = {isa = PBXFileReference; lastKnownFileType = sourcecode.swift; path = SciCalcTests.swift; sourceTree = "<group>"; };
		7BB09C8622AA0C650010D754 /* Info.plist */ = {isa = PBXFileReference; lastKnownFileType = text.plist.xml; path = Info.plist; sourceTree = "<group>"; };
/* End PBXFileReference section */

/* Begin PBXFrameworksBuildPhase section */
		7B267ACA21C3277D00BAD374 /* Frameworks */ = {
			isa = PBXFrameworksBuildPhase;
			buildActionMask = 2147483647;
			files = (
			);
			runOnlyForDeploymentPostprocessing = 0;
		};
		7BB09C7F22AA0C640010D754 /* Frameworks */ = {
			isa = PBXFrameworksBuildPhase;
			buildActionMask = 2147483647;
			files = (
			);
			runOnlyForDeploymentPostprocessing = 0;
		};
/* End PBXFrameworksBuildPhase section */

/* Begin PBXGroup section */
		7B267AC421C3277D00BAD374 = {
			isa = PBXGroup;
			children = (
				7B267ACF21C3277D00BAD374 /* SciCalc */,
				7BB09C8322AA0C650010D754 /* SciCalcTests */,
				7B267ACE21C3277D00BAD374 /* Products */,
			);
			sourceTree = "<group>";
		};
		7B267ACE21C3277D00BAD374 /* Products */ = {
			isa = PBXGroup;
			children = (
				7B267ACD21C3277D00BAD374 /* SciCalc.app */,
				7BB09C8222AA0C640010D754 /* SciCalcTests.xctest */,
			);
			name = Products;
			sourceTree = "<group>";
		};
		7B267ACF21C3277D00BAD374 /* SciCalc */ = {
			isa = PBXGroup;
			children = (
				7B267AD021C3277D00BAD374 /* AppDelegate.swift */,
				7B4EC57621DD80C6007A2786 /* Controller */,
				7B4EC57421DD80B1007A2786 /* Model */,
				7B4EC57521DD80BF007A2786 /* View */,
				7B267AD721C3277D00BAD374 /* Assets.xcassets */,
				7B267AD921C3277D00BAD374 /* LaunchScreen.storyboard */,
				7B267ADC21C3277D00BAD374 /* Info.plist */,
			);
			path = SciCalc;
			sourceTree = "<group>";
		};
		7B4EC57421DD80B1007A2786 /* Model */ = {
			isa = PBXGroup;
			children = (
				7B4EC57221DD8092007A2786 /* CalculatorLogic.swift */,
			);
			path = Model;
			sourceTree = "<group>";
		};
		7B4EC57521DD80BF007A2786 /* View */ = {
			isa = PBXGroup;
			children = (
				7B267AD421C3277D00BAD374 /* Main.storyboard */,
			);
			path = View;
			sourceTree = "<group>";
		};
		7B4EC57621DD80C6007A2786 /* Controller */ = {
			isa = PBXGroup;
			children = (
				7B267AD221C3277D00BAD374 /* ViewController.swift */,
			);
			path = Controller;
			sourceTree = "<group>";
		};
		7BB09C8322AA0C650010D754 /* SciCalcTests */ = {
			isa = PBXGroup;
			children = (
				7BB09C8422AA0C650010D754 /* SciCalcTests.swift */,
				7BB09C8622AA0C650010D754 /* Info.plist */,
			);
			path = SciCalcTests;
			sourceTree = "<group>";
		};
/* End PBXGroup section */

/* Begin PBXNativeTarget section */
		7B267ACC21C3277D00BAD374 /* SciCalc */ = {
			isa = PBXNativeTarget;
			buildConfigurationList = 7B267ADF21C3277D00BAD374 /* Build configuration list for PBXNativeTarget "SciCalc" */;
			buildPhases = (
				7B267AC921C3277D00BAD374 /* Sources */,
				7B267ACA21C3277D00BAD374 /* Frameworks */,
				7B267ACB21C3277D00BAD374 /* Resources */,
			);
			buildRules = (
			);
			dependencies = (
			);
			name = SciCalc;
			productName = SciCalc;
			productReference = 7B267ACD21C3277D00BAD374 /* SciCalc.app */;
			productType = "com.apple.product-type.application";
		};
		7BB09C8122AA0C640010D754 /* SciCalcTests */ = {
			isa = PBXNativeTarget;
			buildConfigurationList = 7BB09C8B22AA0C650010D754 /* Build configuration list for PBXNativeTarget "SciCalcTests" */;
			buildPhases = (
				7BB09C7E22AA0C640010D754 /* Sources */,
				7BB09C7F22AA0C640010D754 /* Frameworks */,
				7BB09C8022AA0C640010D754 /* Resources */,
			);
			buildRules = (
			);
			dependencies = (
				7BB09C8822AA0C650010D754 /* PBXTargetDependency */,
			);
			name = SciCalcTests;
			productName = SciCalcTests;
			productReference = 7BB09C8222AA0C640010D754 /* SciCalcTests.xctest */;
			productType = "com.apple.product-type.bundle.unit-test";
		};
/* End PBXNativeTarget section */

/* Begin PBXProject section */
		7B267AC521C3277D00BAD374 /* Project object */ = {
			isa = PBXProject;
			attributes = {
				LastSwiftUpdateCheck = 1020;
				LastUpgradeCheck = 1010;
				ORGANIZATIONNAME = "Tanner Quesenberry";
				TargetAttributes = {
					7B267ACC21C3277D00BAD374 = {
						CreatedOnToolsVersion = 10.1;
						LastSwiftMigration = 1120;
					};
					7BB09C8122AA0C640010D754 = {
						CreatedOnToolsVersion = 10.2.1;
						TestTargetID = 7B267ACC21C3277D00BAD374;
					};
				};
			};
			buildConfigurationList = 7B267AC821C3277D00BAD374 /* Build configuration list for PBXProject "SciCalc" */;
			compatibilityVersion = "Xcode 9.3";
			developmentRegion = en;
			hasScannedForEncodings = 0;
			knownRegions = (
				en,
				Base,
			);
			mainGroup = 7B267AC421C3277D00BAD374;
			productRefGroup = 7B267ACE21C3277D00BAD374 /* Products */;
			projectDirPath = "";
			projectRoot = "";
			targets = (
				7B267ACC21C3277D00BAD374 /* SciCalc */,
				7BB09C8122AA0C640010D754 /* SciCalcTests */,
			);
		};
/* End PBXProject section */

/* Begin PBXResourcesBuildPhase section */
		7B267ACB21C3277D00BAD374 /* Resources */ = {
			isa = PBXResourcesBuildPhase;
			buildActionMask = 2147483647;
			files = (
				7B267ADB21C3277D00BAD374 /* LaunchScreen.storyboard in Resources */,
				7B267AD821C3277D00BAD374 /* Assets.xcassets in Resources */,
				7B267AD621C3277D00BAD374 /* Main.storyboard in Resources */,
			);
			runOnlyForDeploymentPostprocessing = 0;
		};
		7BB09C8022AA0C640010D754 /* Resources */ = {
			isa = PBXResourcesBuildPhase;
			buildActionMask = 2147483647;
			files = (
			);
			runOnlyForDeploymentPostprocessing = 0;
		};
/* End PBXResourcesBuildPhase section */

/* Begin PBXSourcesBuildPhase section */
		7B267AC921C3277D00BAD374 /* Sources */ = {
			isa = PBXSourcesBuildPhase;
			buildActionMask = 2147483647;
			files = (
				7B267AD321C3277D00BAD374 /* ViewController.swift in Sources */,
				7B267AD121C3277D00BAD374 /* AppDelegate.swift in Sources */,
				7B4EC57321DD8092007A2786 /* CalculatorLogic.swift in Sources */,
			);
			runOnlyForDeploymentPostprocessing = 0;
		};
		7BB09C7E22AA0C640010D754 /* Sources */ = {
			isa = PBXSourcesBuildPhase;
			buildActionMask = 2147483647;
			files = (
				7BB09C8522AA0C650010D754 /* SciCalcTests.swift in Sources */,
			);
			runOnlyForDeploymentPostprocessing = 0;
		};
/* End PBXSourcesBuildPhase section */

/* Begin PBXTargetDependency section */
		7BB09C8822AA0C650010D754 /* PBXTargetDependency */ = {
			isa = PBXTargetDependency;
			target = 7B267ACC21C3277D00BAD374 /* SciCalc */;
			targetProxy = 7BB09C8722AA0C650010D754 /* PBXContainerItemProxy */;
		};
/* End PBXTargetDependency section */

/* Begin PBXVariantGroup section */
		7B267AD421C3277D00BAD374 /* Main.storyboard */ = {
			isa = PBXVariantGroup;
			children = (
				7B267AD521C3277D00BAD374 /* Base */,
			);
			name = Main.storyboard;
			sourceTree = "<group>";
		};
		7B267AD921C3277D00BAD374 /* LaunchScreen.storyboard */ = {
			isa = PBXVariantGroup;
			children = (
				7B267ADA21C3277D00BAD374 /* Base */,
			);
			name = LaunchScreen.storyboard;
			sourceTree = "<group>";
		};
/* End PBXVariantGroup section */

/* Begin XCBuildConfiguration section */
		7B267ADD21C3277D00BAD374 /* Debug */ = {
			isa = XCBuildConfiguration;
			buildSettings = {
				ALWAYS_SEARCH_USER_PATHS = NO;
				CLANG_ANALYZER_NONNULL = YES;
				CLANG_ANALYZER_NUMBER_OBJECT_CONVERSION = YES_AGGRESSIVE;
				CLANG_CXX_LANGUAGE_STANDARD = "gnu++14";
				CLANG_CXX_LIBRARY = "libc++";
				CLANG_ENABLE_MODULES = YES;
				CLANG_ENABLE_OBJC_ARC = YES;
				CLANG_ENABLE_OBJC_WEAK = YES;
				CLANG_WARN_BLOCK_CAPTURE_AUTORELEASING = YES;
				CLANG_WARN_BOOL_CONVERSION = YES;
				CLANG_WARN_COMMA = YES;
				CLANG_WARN_CONSTANT_CONVERSION = YES;
				CLANG_WARN_DEPRECATED_OBJC_IMPLEMENTATIONS = YES;
				CLANG_WARN_DIRECT_OBJC_ISA_USAGE = YES_ERROR;
				CLANG_WARN_DOCUMENTATION_COMMENTS = YES;
				CLANG_WARN_EMPTY_BODY = YES;
				CLANG_WARN_ENUM_CONVERSION = YES;
				CLANG_WARN_INFINITE_RECURSION = YES;
				CLANG_WARN_INT_CONVERSION = YES;
				CLANG_WARN_NON_LITERAL_NULL_CONVERSION = YES;
				CLANG_WARN_OBJC_IMPLICIT_RETAIN_SELF = YES;
				CLANG_WARN_OBJC_LITERAL_CONVERSION = YES;
				CLANG_WARN_OBJC_ROOT_CLASS = YES_ERROR;
				CLANG_WARN_RANGE_LOOP_ANALYSIS = YES;
				CLANG_WARN_STRICT_PROTOTYPES = YES;
				CLANG_WARN_SUSPICIOUS_MOVE = YES;
				CLANG_WARN_UNGUARDED_AVAILABILITY = YES_AGGRESSIVE;
				CLANG_WARN_UNREACHABLE_CODE = YES;
				CLANG_WARN__DUPLICATE_METHOD_MATCH = YES;
				CODE_SIGN_IDENTITY = "iPhone Developer";
				COPY_PHASE_STRIP = NO;
				DEBUG_INFORMATION_FORMAT = dwarf;
				ENABLE_STRICT_OBJC_MSGSEND = YES;
				ENABLE_TESTABILITY = YES;
				GCC_C_LANGUAGE_STANDARD = gnu11;
				GCC_DYNAMIC_NO_PIC = NO;
				GCC_NO_COMMON_BLOCKS = YES;
				GCC_OPTIMIZATION_LEVEL = 0;
				GCC_PREPROCESSOR_DEFINITIONS = (
					"DEBUG=1",
					"$(inherited)",
				);
				GCC_WARN_64_TO_32_BIT_CONVERSION = YES;
				GCC_WARN_ABOUT_RETURN_TYPE = YES_ERROR;
				GCC_WARN_UNDECLARED_SELECTOR = YES;
				GCC_WARN_UNINITIALIZED_AUTOS = YES_AGGRESSIVE;
				GCC_WARN_UNUSED_FUNCTION = YES;
				GCC_WARN_UNUSED_VARIABLE = YES;
				IPHONEOS_DEPLOYMENT_TARGET = 12.1;
				MTL_ENABLE_DEBUG_INFO = INCLUDE_SOURCE;
				MTL_FAST_MATH = YES;
				ONLY_ACTIVE_ARCH = YES;
				SDKROOT = iphoneos;
				SWIFT_ACTIVE_COMPILATION_CONDITIONS = DEBUG;
				SWIFT_OPTIMIZATION_LEVEL = "-Onone";
			};
			name = Debug;
		};
		7B267ADE21C3277D00BAD374 /* Release */ = {
			isa = XCBuildConfiguration;
			buildSettings = {
				ALWAYS_SEARCH_USER_PATHS = NO;
				CLANG_ANALYZER_NONNULL = YES;
				CLANG_ANALYZER_NUMBER_OBJECT_CONVERSION = YES_AGGRESSIVE;
				CLANG_CXX_LANGUAGE_STANDARD = "gnu++14";
				CLANG_CXX_LIBRARY = "libc++";
				CLANG_ENABLE_MODULES = YES;
				CLANG_ENABLE_OBJC_ARC = YES;
				CLANG_ENABLE_OBJC_WEAK = YES;
				CLANG_WARN_BLOCK_CAPTURE_AUTORELEASING = YES;
				CLANG_WARN_BOOL_CONVERSION = YES;
				CLANG_WARN_COMMA = YES;
				CLANG_WARN_CONSTANT_CONVERSION = YES;
				CLANG_WARN_DEPRECATED_OBJC_IMPLEMENTATIONS = YES;
				CLANG_WARN_DIRECT_OBJC_ISA_USAGE = YES_ERROR;
				CLANG_WARN_DOCUMENTATION_COMMENTS = YES;
				CLANG_WARN_EMPTY_BODY = YES;
				CLANG_WARN_ENUM_CONVERSION = YES;
				CLANG_WARN_INFINITE_RECURSION = YES;
				CLANG_WARN_INT_CONVERSION = YES;
				CLANG_WARN_NON_LITERAL_NULL_CONVERSION = YES;
				CLANG_WARN_OBJC_IMPLICIT_RETAIN_SELF = YES;
				CLANG_WARN_OBJC_LITERAL_CONVERSION = YES;
				CLANG_WARN_OBJC_ROOT_CLASS = YES_ERROR;
				CLANG_WARN_RANGE_LOOP_ANALYSIS = YES;
				CLANG_WARN_STRICT_PROTOTYPES = YES;
				CLANG_WARN_SUSPICIOUS_MOVE = YES;
				CLANG_WARN_UNGUARDED_AVAILABILITY = YES_AGGRESSIVE;
				CLANG_WARN_UNREACHABLE_CODE = YES;
				CLANG_WARN__DUPLICATE_METHOD_MATCH = YES;
				CODE_SIGN_IDENTITY = "iPhone Developer";
				COPY_PHASE_STRIP = NO;
				DEBUG_INFORMATION_FORMAT = "dwarf-with-dsym";
				ENABLE_NS_ASSERTIONS = NO;
				ENABLE_STRICT_OBJC_MSGSEND = YES;
				GCC_C_LANGUAGE_STANDARD = gnu11;
				GCC_NO_COMMON_BLOCKS = YES;
				GCC_WARN_64_TO_32_BIT_CONVERSION = YES;
				GCC_WARN_ABOUT_RETURN_TYPE = YES_ERROR;
				GCC_WARN_UNDECLARED_SELECTOR = YES;
				GCC_WARN_UNINITIALIZED_AUTOS = YES_AGGRESSIVE;
				GCC_WARN_UNUSED_FUNCTION = YES;
				GCC_WARN_UNUSED_VARIABLE = YES;
				IPHONEOS_DEPLOYMENT_TARGET = 12.1;
				MTL_ENABLE_DEBUG_INFO = NO;
				MTL_FAST_MATH = YES;
				SDKROOT = iphoneos;
				SWIFT_COMPILATION_MODE = wholemodule;
				SWIFT_OPTIMIZATION_LEVEL = "-O";
				VALIDATE_PRODUCT = YES;
			};
			name = Release;
		};
		7B267AE021C3277D00BAD374 /* Debug */ = {
			isa = XCBuildConfiguration;
			buildSettings = {
				ASSETCATALOG_COMPILER_APPICON_NAME = AppIcon;
				CODE_SIGN_STYLE = Automatic;
				DEVELOPMENT_TEAM = 5TJ75YJKFB;
				INFOPLIST_FILE = SciCalc/Info.plist;
				LD_RUNPATH_SEARCH_PATHS = (
					"$(inherited)",
					"@executable_path/Frameworks",
				);
				PRODUCT_BUNDLE_IDENTIFIER = com.tannerquesenberry.SciCalc;
				PRODUCT_NAME = "$(TARGET_NAME)";
				SWIFT_VERSION = 5.0;
				TARGETED_DEVICE_FAMILY = "1,2";
			};
			name = Debug;
		};
		7B267AE121C3277D00BAD374 /* Release */ = {
			isa = XCBuildConfiguration;
			buildSettings = {
				ASSETCATALOG_COMPILER_APPICON_NAME = AppIcon;
				CODE_SIGN_STYLE = Automatic;
				DEVELOPMENT_TEAM = 5TJ75YJKFB;
				INFOPLIST_FILE = SciCalc/Info.plist;
				LD_RUNPATH_SEARCH_PATHS = (
					"$(inherited)",
					"@executable_path/Frameworks",
				);
				PRODUCT_BUNDLE_IDENTIFIER = com.tannerquesenberry.SciCalc;
				PRODUCT_NAME = "$(TARGET_NAME)";
				SWIFT_VERSION = 5.0;
				TARGETED_DEVICE_FAMILY = "1,2";
			};
			name = Release;
		};
		7BB09C8922AA0C650010D754 /* Debug */ = {
			isa = XCBuildConfiguration;
			buildSettings = {
				BUNDLE_LOADER = "$(TEST_HOST)";
				CODE_SIGN_STYLE = Automatic;
				DEVELOPMENT_TEAM = 5TJ75YJKFB;
				INFOPLIST_FILE = SciCalcTests/Info.plist;
				IPHONEOS_DEPLOYMENT_TARGET = 12.2;
				LD_RUNPATH_SEARCH_PATHS = (
					"$(inherited)",
					"@executable_path/Frameworks",
					"@loader_path/Frameworks",
				);
				PRODUCT_BUNDLE_IDENTIFIER = com.tannerquesenberry.SciCalcTests;
				PRODUCT_NAME = "$(TARGET_NAME)";
				SWIFT_VERSION = 5.0;
				TARGETED_DEVICE_FAMILY = "1,2";
				TEST_HOST = "$(BUILT_PRODUCTS_DIR)/SciCalc.app/SciCalc";
			};
			name = Debug;
		};
		7BB09C8A22AA0C650010D754 /* Release */ = {
			isa = XCBuildConfiguration;
			buildSettings = {
				BUNDLE_LOADER = "$(TEST_HOST)";
				CODE_SIGN_STYLE = Automatic;
				DEVELOPMENT_TEAM = 5TJ75YJKFB;
				INFOPLIST_FILE = SciCalcTests/Info.plist;
				IPHONEOS_DEPLOYMENT_TARGET = 12.2;
				LD_RUNPATH_SEARCH_PATHS = (
					"$(inherited)",
					"@executable_path/Frameworks",
					"@loader_path/Frameworks",
				);
				PRODUCT_BUNDLE_IDENTIFIER = com.tannerquesenberry.SciCalcTests;
				PRODUCT_NAME = "$(TARGET_NAME)";
				SWIFT_VERSION = 5.0;
				TARGETED_DEVICE_FAMILY = "1,2";
				TEST_HOST = "$(BUILT_PRODUCTS_DIR)/SciCalc.app/SciCalc";
			};
			name = Release;
		};
/* End XCBuildConfiguration section */

/* Begin XCConfigurationList section */
		7B267AC821C3277D00BAD374 /* Build configuration list for PBXProject "SciCalc" */ = {
			isa = XCConfigurationList;
			buildConfigurations = (
				7B267ADD21C3277D00BAD374 /* Debug */,
				7B267ADE21C3277D00BAD374 /* Release */,
			);
			defaultConfigurationIsVisible = 0;
			defaultConfigurationName = Release;
		};
		7B267ADF21C3277D00BAD374 /* Build configuration list for PBXNativeTarget "SciCalc" */ = {
			isa = XCConfigurationList;
			buildConfigurations = (
				7B267AE021C3277D00BAD374 /* Debug */,
				7B267AE121C3277D00BAD374 /* Release */,
			);
			defaultConfigurationIsVisible = 0;
			defaultConfigurationName = Release;
		};
		7BB09C8B22AA0C650010D754 /* Build configuration list for PBXNativeTarget "SciCalcTests" */ = {
			isa = XCConfigurationList;
			buildConfigurations = (
				7BB09C8922AA0C650010D754 /* Debug */,
				7BB09C8A22AA0C650010D754 /* Release */,
			);
			defaultConfigurationIsVisible = 0;
			defaultConfigurationName = Release;
		};
/* End XCConfigurationList section */
	};
	rootObject = 7B267AC521C3277D00BAD374 /* Project object */;
}
